
Microsoft Visual Studio Solution File, Format Version 12.00
# Visual Studio 15
VisualStudioVersion = 15.0.28010.2016
MinimumVisualStudioVersion = 10.0.40219.1
Project("{FAE04EC0-301F-11D3-BF4B-00C04F79EFBC}") = "ConsoleApp3", "ConsoleApp3\ConsoleApp3.csproj", "{57D75CCF-3367-43F4-B539-7F6450AF6418}"
EndProject
Global
	GlobalSection(SolutionConfigurationPlatforms) = preSolution
		Debug|Any CPU = Debug|Any CPU
		Release|Any CPU = Release|Any CPU
	EndGlobalSection
	GlobalSection(ProjectConfigurationPlatforms) = postSolution
		{57D75CCF-3367-43F4-B539-7F6450AF6418}.Debug|Any CPU.ActiveCfg = Debug|Any CPU
		{57D75CCF-3367-43F4-B539-7F6450AF6418}.Debug|Any CPU.Build.0 = Debug|Any CPU
		{57D75CCF-3367-43F4-B539-7F6450AF6418}.Release|Any CPU.ActiveCfg = Release|Any CPU
		{57D75CCF-3367-43F4-B539-7F6450AF6418}.Release|Any CPU.Build.0 = Release|Any CPU
	EndGlobalSection
	GlobalSection(SolutionProperties) = preSolution
		HideSolutionNode = FALSE
	EndGlobalSection
	GlobalSection(ExtensibilityGlobals) = postSolution
		SolutionGuid = {DE6B5963-40FD-427F-A573-7154A0A6FD9B}
	EndGlobalSection
EndGlobal
